// !$*UTF8*$!
{
	archiveVersion = 1;
	classes = {
	};
	objectVersion = 46;
	objects = {

/* Begin PBXFileReference section */
		BC2C929D18F61DC0000A8517 /* Object.pm */ = {isa = PBXFileReference; lastKnownFileType = text.script.perl; name = Object.pm; path = lib/Evented/Object.pm; sourceTree = "<group>"; };
		BC2C929E18F61DC5000A8517 /* EventFire.pm */ = {isa = PBXFileReference; lastKnownFileType = text.script.perl; name = EventFire.pm; path = lib/Evented/Object/EventFire.pm; sourceTree = "<group>"; };
		BC2C929F18F62140000A8517 /* EventedObject.t */ = {isa = PBXFileReference; lastKnownFileType = text.script.perl; name = EventedObject.t; path = t/EventedObject.t; sourceTree = "<group>"; };
		BC2C92A018F62540000A8517 /* README.md */ = {isa = PBXFileReference; lastKnownFileType = text; path = README.md; sourceTree = "<group>"; };
		BC51553419555DA800110EBE /* Build.PL */ = {isa = PBXFileReference; lastKnownFileType = text.script.perl; path = Build.PL; sourceTree = "<group>"; };
		BC5155351955627800110EBE /* Hax.pm */ = {isa = PBXFileReference; lastKnownFileType = text.script.perl; name = Hax.pm; path = lib/Evented/Object/Hax.pm; sourceTree = "<group>"; };
		BCD615491954F9DA00E1B0FE /* Collection.pm */ = {isa = PBXFileReference; lastKnownFileType = text.script.perl; name = Collection.pm; path = lib/Evented/Object/Collection.pm; sourceTree = "<group>"; };
/* End PBXFileReference section */

/* Begin PBXGroup section */
		BC2C929618F61D7C000A8517 = {
			isa = PBXGroup;
			children = (
				BC2C929D18F61DC0000A8517 /* Object.pm */,
				BCD615491954F9DA00E1B0FE /* Collection.pm */,
				BC2C929E18F61DC5000A8517 /* EventFire.pm */,
				BC5155351955627800110EBE /* Hax.pm */,
				BC2C929F18F62140000A8517 /* EventedObject.t */,
				BC51553419555DA800110EBE /* Build.PL */,
				BC2C92A018F62540000A8517 /* README.md */,
			);
			sourceTree = "<group>";
		};
/* End PBXGroup section */

/* Begin PBXProject section */
		BC2C929718F61D7C000A8517 /* Project object */ = {
			isa = PBXProject;
			attributes = {
				LastUpgradeCheck = 0600;
			};
			buildConfigurationList = BC2C929A18F61D7C000A8517 /* Build configuration list for PBXProject "Evented::Object" */;
			compatibilityVersion = "Xcode 3.2";
			developmentRegion = English;
			hasScannedForEncodings = 0;
			knownRegions = (
				en,
			);
			mainGroup = BC2C929618F61D7C000A8517;
			projectDirPath = "";
			projectRoot = "";
			targets = (
			);
		};
/* End PBXProject section */

/* Begin XCBuildConfiguration section */
		BC2C929B18F61D7C000A8517 /* Debug */ = {
			isa = XCBuildConfiguration;
			buildSettings = {
				ONLY_ACTIVE_ARCH = YES;
			};
			name = Debug;
		};
		BC2C929C18F61D7C000A8517 /* Release */ = {
			isa = XCBuildConfiguration;
			buildSettings = {
			};
			name = Release;
		};
/* End XCBuildConfiguration section */

/* Begin XCConfigurationList section */
		BC2C929A18F61D7C000A8517 /* Build configuration list for PBXProject "Evented::Object" */ = {
			isa = XCConfigurationList;
			buildConfigurations = (
				BC2C929B18F61D7C000A8517 /* Debug */,
				BC2C929C18F61D7C000A8517 /* Release */,
			);
			defaultConfigurationIsVisible = 0;
			defaultConfigurationName = Release;
		};
/* End XCConfigurationList section */
	};
	rootObject = BC2C929718F61D7C000A8517 /* Project object */;
}
